// !$*UTF8*$!
{
	archiveVersion = 1;
	classes = {
	};
	objectVersion = 42;
	objects = {

/* Begin PBXBuildFile section */
		863CA644133FB0FB005B4559 /* tetgen.cxx in Sources */ = {isa = PBXBuildFile; fileRef = 8627DD24133D03A7001F193C /* tetgen.cxx */; };
		863CA649133FB199005B4559 /* predicates.cxx in Sources */ = {isa = PBXBuildFile; fileRef = 8627DD19133D03A7001F193C /* predicates.cxx */; };
		867FE946133DF58B00001585 /* VertexRelaxData.cpp in Sources */ = {isa = PBXBuildFile; fileRef = 8627DCD5133D0380001F193C /* VertexRelaxData.cpp */; };
		867FE947133DF58B00001585 /* WeightedVertex.cpp in Sources */ = {isa = PBXBuildFile; fileRef = 8627DCD6133D0380001F193C /* WeightedVertex.cpp */; };
		867FE948133DF58B00001585 /* WeightsByClosestJoint.cpp in Sources */ = {isa = PBXBuildFile; fileRef = 8627DCD7133D0380001F193C /* WeightsByClosestJoint.cpp */; };
		867FE949133DF58B00001585 /* WeightsByClosestJointDelaunay.cpp in Sources */ = {isa = PBXBuildFile; fileRef = 8627DCD8133D0380001F193C /* WeightsByClosestJointDelaunay.cpp */; };
		867FE94A133DF58B00001585 /* WeightsModifierEngine.cpp in Sources */ = {isa = PBXBuildFile; fileRef = 8627DCD9133D0380001F193C /* WeightsModifierEngine.cpp */; };
		867FE94B133DF58B00001585 /* WeightTransferAssociation.cpp in Sources */ = {isa = PBXBuildFile; fileRef = 8627DCDA133D0380001F193C /* WeightTransferAssociation.cpp */; };
		867FE94C133DF59E00001585 /* AssignWeightsEngineBase.h in Headers */ = {isa = PBXBuildFile; fileRef = 8627DD01133D03A6001F193C /* AssignWeightsEngineBase.h */; };
		867FE94D133DF59E00001585 /* ClosestInfluenceFinder.h in Headers */ = {isa = PBXBuildFile; fileRef = 8627DD02133D03A6001F193C /* ClosestInfluenceFinder.h */; };
		867FE94E133DF59E00001585 /* ClusteredPointCloud.h in Headers */ = {isa = PBXBuildFile; fileRef = 8627DD03133D03A6001F193C /* ClusteredPointCloud.h */; };
		867FE94F133DF59E00001585 /* defines.h in Headers */ = {isa = PBXBuildFile; fileRef = 8627DD04133D03A7001F193C /* defines.h */; };
		867FE950133DF59E00001585 /* GeometryInfo.h in Headers */ = {isa = PBXBuildFile; fileRef = 8627DD05133D03A7001F193C /* GeometryInfo.h */; };
		867FE951133DF59E00001585 /* geometrymath.h in Headers */ = {isa = PBXBuildFile; fileRef = 8627DD06133D03A7001F193C /* geometrymath.h */; };
		867FE952133DF59E00001585 /* hardwarelock.h in Headers */ = {isa = PBXBuildFile; fileRef = 8627DD07133D03A7001F193C /* hardwarelock.h */; };
		867FE953133DF59E00001585 /* InflListerBase.h in Headers */ = {isa = PBXBuildFile; fileRef = 8627DD08133D03A7001F193C /* InflListerBase.h */; };
		867FE954133DF59E00001585 /* InflListerByProximity.h in Headers */ = {isa = PBXBuildFile; fileRef = 8627DD09133D03A7001F193C /* InflListerByProximity.h */; };
		867FE955133DF59E00001585 /* InflListerByWeights.h in Headers */ = {isa = PBXBuildFile; fileRef = 8627DD0A133D03A7001F193C /* InflListerByWeights.h */; };
		867FE956133DF59E00001585 /* IPointCloud.h in Headers */ = {isa = PBXBuildFile; fileRef = 8627DD0B133D03A7001F193C /* IPointCloud.h */; };
		867FE957133DF59E00001585 /* LimitWeights.h in Headers */ = {isa = PBXBuildFile; fileRef = 8627DD0C133D03A7001F193C /* LimitWeights.h */; };
		867FE958133DF59E00001585 /* LimitWeightsUtil.h in Headers */ = {isa = PBXBuildFile; fileRef = 8627DD0D133D03A7001F193C /* LimitWeightsUtil.h */; };
		867FE959133DF59E00001585 /* MakeRigidWeights.h in Headers */ = {isa = PBXBuildFile; fileRef = 8627DD0E133D03A7001F193C /* MakeRigidWeights.h */; };
		867FE95A133DF59E00001585 /* maya.h in Headers */ = {isa = PBXBuildFile; fileRef = 8627DD0F133D03A7001F193C /* maya.h */; };
		867FE95B133DF59E00001585 /* md5.h in Headers */ = {isa = PBXBuildFile; fileRef = 8627DD10133D03A7001F193C /* md5.h */; };
		867FE95C133DF59E00001585 /* ngAssignWeightsCmd.h in Headers */ = {isa = PBXBuildFile; fileRef = 8627DD11133D03A7001F193C /* ngAssignWeightsCmd.h */; };
		867FE95D133DF59E00001585 /* ngLayerColorDisplayNode.h in Headers */ = {isa = PBXBuildFile; fileRef = 8627DD12133D03A7001F193C /* ngLayerColorDisplayNode.h */; };
		867FE95E133DF59E00001585 /* ngListInfluencesCmd.h in Headers */ = {isa = PBXBuildFile; fileRef = 8627DD13133D03A7001F193C /* ngListInfluencesCmd.h */; };
		867FE95F133DF59E00001585 /* ngSkinLayerCmd.h in Headers */ = {isa = PBXBuildFile; fileRef = 8627DD14133D03A7001F193C /* ngSkinLayerCmd.h */; };
		867FE960133DF59E00001585 /* ngSkinLayerDataNode.h in Headers */ = {isa = PBXBuildFile; fileRef = 8627DD15133D03A7001F193C /* ngSkinLayerDataNode.h */; };
		867FE961133DF59E00001585 /* ngSkinRelaxCmd.h in Headers */ = {isa = PBXBuildFile; fileRef = 8627DD16133D03A7001F193C /* ngSkinRelaxCmd.h */; };
		867FE962133DF59E00001585 /* ngTestCmd.h in Headers */ = {isa = PBXBuildFile; fileRef = 8627DD17133D03A7001F193C /* ngTestCmd.h */; };
		867FE963133DF59E00001585 /* pluginVersion.h in Headers */ = {isa = PBXBuildFile; fileRef = 8627DD18133D03A7001F193C /* pluginVersion.h */; };
		867FE964133DF59E00001585 /* predicates.cxx in Headers */ = {isa = PBXBuildFile; fileRef = 8627DD19133D03A7001F193C /* predicates.cxx */; };
		867FE965133DF59E00001585 /* ProgressWindow.h in Headers */ = {isa = PBXBuildFile; fileRef = 8627DD1A133D03A7001F193C /* ProgressWindow.h */; };
		867FE966133DF59E00001585 /* RelaxEngine.h in Headers */ = {isa = PBXBuildFile; fileRef = 8627DD1B133D03A7001F193C /* RelaxEngine.h */; };
		867FE967133DF59E00001585 /* SkinLayer.h in Headers */ = {isa = PBXBuildFile; fileRef = 8627DD1C133D03A7001F193C /* SkinLayer.h */; };
		867FE968133DF59E00001585 /* SkinLayerChanges.h in Headers */ = {isa = PBXBuildFile; fileRef = 8627DD1D133D03A7001F193C /* SkinLayerChanges.h */; };
		867FE969133DF59E00001585 /* SkinLayerData.h in Headers */ = {isa = PBXBuildFile; fileRef = 8627DD1E133D03A7001F193C /* SkinLayerData.h */; };
		867FE96A133DF59E00001585 /* SkinLayerManager.h in Headers */ = {isa = PBXBuildFile; fileRef = 8627DD1F133D03A7001F193C /* SkinLayerManager.h */; };
		867FE96B133DF59E00001585 /* SkinLayerPaintContextCmds.h in Headers */ = {isa = PBXBuildFile; fileRef = 8627DD20133D03A7001F193C /* SkinLayerPaintContextCmds.h */; };
		867FE96C133DF59E00001585 /* SkinLayerPerformanceTrack.h in Headers */ = {isa = PBXBuildFile; fileRef = 8627DD21133D03A7001F193C /* SkinLayerPerformanceTrack.h */; };
		867FE96D133DF59E00001585 /* SkinLayerWeightList.h in Headers */ = {isa = PBXBuildFile; fileRef = 8627DD22133D03A7001F193C /* SkinLayerWeightList.h */; };
		867FE96E133DF59E00001585 /* StatusException.h in Headers */ = {isa = PBXBuildFile; fileRef = 8627DD23133D03A7001F193C /* StatusException.h */; };
		867FE96F133DF59E00001585 /* tetgen.cxx in Headers */ = {isa = PBXBuildFile; fileRef = 8627DD24133D03A7001F193C /* tetgen.cxx */; };
		867FE970133DF59E00001585 /* tetgen.h in Headers */ = {isa = PBXBuildFile; fileRef = 8627DD25133D03A7001F193C /* tetgen.h */; };
		867FE971133DF59E00001585 /* timer.h in Headers */ = {isa = PBXBuildFile; fileRef = 8627DD26133D03A7001F193C /* timer.h */; };
		867FE972133DF59E00001585 /* utils.h in Headers */ = {isa = PBXBuildFile; fileRef = 8627DD27133D03A7001F193C /* utils.h */; };
		867FE973133DF59E00001585 /* VertexRelaxData.h in Headers */ = {isa = PBXBuildFile; fileRef = 8627DD28133D03A7001F193C /* VertexRelaxData.h */; };
		867FE974133DF59E00001585 /* VertIndexIterators.h in Headers */ = {isa = PBXBuildFile; fileRef = 8627DD29133D03A7001F193C /* VertIndexIterators.h */; };
		867FE975133DF59E00001585 /* WeightedVertex.h in Headers */ = {isa = PBXBuildFile; fileRef = 8627DD2A133D03A7001F193C /* WeightedVertex.h */; };
		867FE976133DF59E00001585 /* WeightsByClosestJoint.h in Headers */ = {isa = PBXBuildFile; fileRef = 8627DD2B133D03A7001F193C /* WeightsByClosestJoint.h */; };
		867FE977133DF59E00001585 /* WeightsByClosestJointDelaunay.h in Headers */ = {isa = PBXBuildFile; fileRef = 8627DD2C133D03A7001F193C /* WeightsByClosestJointDelaunay.h */; };
		867FE978133DF59E00001585 /* WeightsModifierEngine.h in Headers */ = {isa = PBXBuildFile; fileRef = 8627DD2D133D03A7001F193C /* WeightsModifierEngine.h */; };
		867FE979133DF59E00001585 /* WeightTransferAssociation.h in Headers */ = {isa = PBXBuildFile; fileRef = 8627DD2E133D03A7001F193C /* WeightTransferAssociation.h */; };
		867FE97A133DF59E00001585 /* AssignWeightsEngineBase.cpp in Sources */ = {isa = PBXBuildFile; fileRef = 8627DCB5133D0380001F193C /* AssignWeightsEngineBase.cpp */; };
		867FE97B133DF59E00001585 /* ClosestInfluenceFinder.cpp in Sources */ = {isa = PBXBuildFile; fileRef = 8627DCB6133D0380001F193C /* ClosestInfluenceFinder.cpp */; };
		867FE97C133DF59E00001585 /* ClusteredPointCloud.cpp in Sources */ = {isa = PBXBuildFile; fileRef = 8627DCB7133D0380001F193C /* ClusteredPointCloud.cpp */; };
		867FE97D133DF59E00001585 /* GeometryInfo.cpp in Sources */ = {isa = PBXBuildFile; fileRef = 8627DCB8133D0380001F193C /* GeometryInfo.cpp */; };
		867FE97E133DF59E00001585 /* geometrymath.cpp in Sources */ = {isa = PBXBuildFile; fileRef = 8627DCB9133D0380001F193C /* geometrymath.cpp */; };
		867FE97F133DF59E00001585 /* hardwarelock.cpp in Sources */ = {isa = PBXBuildFile; fileRef = 8627DCBA133D0380001F193C /* hardwarelock.cpp */; };
		867FE980133DF59E00001585 /* InflListerBase.cpp in Sources */ = {isa = PBXBuildFile; fileRef = 8627DCBB133D0380001F193C /* InflListerBase.cpp */; };
		867FE981133DF59E00001585 /* InflListerByProximity.cpp in Sources */ = {isa = PBXBuildFile; fileRef = 8627DCBC133D0380001F193C /* InflListerByProximity.cpp */; };
		867FE982133DF59E00001585 /* InflListerByWeights.cpp in Sources */ = {isa = PBXBuildFile; fileRef = 8627DCBD133D0380001F193C /* InflListerByWeights.cpp */; };
		867FE983133DF59E00001585 /* LimitWeights.cpp in Sources */ = {isa = PBXBuildFile; fileRef = 8627DCBE133D0380001F193C /* LimitWeights.cpp */; };
		867FE984133DF59E00001585 /* LimitWeightsUtil.cpp in Sources */ = {isa = PBXBuildFile; fileRef = 8627DCBF133D0380001F193C /* LimitWeightsUtil.cpp */; };
		867FE985133DF59E00001585 /* MakeRigidWeights.cpp in Sources */ = {isa = PBXBuildFile; fileRef = 8627DCC0133D0380001F193C /* MakeRigidWeights.cpp */; };
		867FE986133DF59E00001585 /* md5.cpp in Sources */ = {isa = PBXBuildFile; fileRef = 8627DCC1133D0380001F193C /* md5.cpp */; };
		867FE987133DF59E00001585 /* ngAssignWeightsCmd.cpp in Sources */ = {isa = PBXBuildFile; fileRef = 8627DCC2133D0380001F193C /* ngAssignWeightsCmd.cpp */; };
		867FE988133DF59E00001585 /* ngLayerColorDisplayNode.cpp in Sources */ = {isa = PBXBuildFile; fileRef = 8627DCC3133D0380001F193C /* ngLayerColorDisplayNode.cpp */; };
		867FE989133DF59E00001585 /* ngListInfluencesCmd.cpp in Sources */ = {isa = PBXBuildFile; fileRef = 8627DCC4133D0380001F193C /* ngListInfluencesCmd.cpp */; };
		867FE98A133DF59E00001585 /* ngSkinLayerCmd.cpp in Sources */ = {isa = PBXBuildFile; fileRef = 8627DCC5133D0380001F193C /* ngSkinLayerCmd.cpp */; };
		867FE98B133DF59E00001585 /* ngSkinLayerDataNode.cpp in Sources */ = {isa = PBXBuildFile; fileRef = 8627DCC6133D0380001F193C /* ngSkinLayerDataNode.cpp */; };
		867FE98C133DF59E00001585 /* ngSkinRelaxCmd.cpp in Sources */ = {isa = PBXBuildFile; fileRef = 8627DCC7133D0380001F193C /* ngSkinRelaxCmd.cpp */; };
		867FE98D133DF59E00001585 /* ngTestCmd.cpp in Sources */ = {isa = PBXBuildFile; fileRef = 8627DCC8133D0380001F193C /* ngTestCmd.cpp */; };
		867FE98E133DF59E00001585 /* pluginMain.cpp in Sources */ = {isa = PBXBuildFile; fileRef = 8627DCC9133D0380001F193C /* pluginMain.cpp */; };
		867FE98F133DF59E00001585 /* ProgressWindow.cpp in Sources */ = {isa = PBXBuildFile; fileRef = 8627DCCA133D0380001F193C /* ProgressWindow.cpp */; };
		867FE990133DF59E00001585 /* RelaxEngine.cpp in Sources */ = {isa = PBXBuildFile; fileRef = 8627DCCB133D0380001F193C /* RelaxEngine.cpp */; };
		867FE991133DF59E00001585 /* SkinLayer.cpp in Sources */ = {isa = PBXBuildFile; fileRef = 8627DCCC133D0380001F193C /* SkinLayer.cpp */; };
		867FE992133DF59E00001585 /* SkinLayerChanges.cpp in Sources */ = {isa = PBXBuildFile; fileRef = 8627DCCD133D0380001F193C /* SkinLayerChanges.cpp */; };
		867FE993133DF59E00001585 /* SkinLayerData.cpp in Sources */ = {isa = PBXBuildFile; fileRef = 8627DCCE133D0380001F193C /* SkinLayerData.cpp */; };
		867FE994133DF59E00001585 /* SkinLayerManager.cpp in Sources */ = {isa = PBXBuildFile; fileRef = 8627DCCF133D0380001F193C /* SkinLayerManager.cpp */; };
		867FE995133DF59E00001585 /* SkinLayerPaintContextCmds.cpp in Sources */ = {isa = PBXBuildFile; fileRef = 8627DCD0133D0380001F193C /* SkinLayerPaintContextCmds.cpp */; };
		867FE996133DF59E00001585 /* SkinLayerPerformanceTrack.cpp in Sources */ = {isa = PBXBuildFile; fileRef = 8627DCD1133D0380001F193C /* SkinLayerPerformanceTrack.cpp */; };
		867FE997133DF59E00001585 /* SkinLayerWeightList.cpp in Sources */ = {isa = PBXBuildFile; fileRef = 8627DCD2133D0380001F193C /* SkinLayerWeightList.cpp */; };
		867FE998133DF59E00001585 /* StatusException.cpp in Sources */ = {isa = PBXBuildFile; fileRef = 8627DCD3133D0380001F193C /* StatusException.cpp */; };
		867FE999133DF59E00001585 /* utils.cpp in Sources */ = {isa = PBXBuildFile; fileRef = 8627DCD4133D0380001F193C /* utils.cpp */; };
/* End PBXBuildFile section */

/* Begin PBXFileReference section */
		8627DCB5133D0380001F193C /* AssignWeightsEngineBase.cpp */ = {isa = PBXFileReference; fileEncoding = 4; lastKnownFileType = sourcecode.cpp.cpp; path = AssignWeightsEngineBase.cpp; sourceTree = SOURCE_ROOT; };
		8627DCB6133D0380001F193C /* ClosestInfluenceFinder.cpp */ = {isa = PBXFileReference; fileEncoding = 4; lastKnownFileType = sourcecode.cpp.cpp; path = ClosestInfluenceFinder.cpp; sourceTree = SOURCE_ROOT; };
		8627DCB7133D0380001F193C /* ClusteredPointCloud.cpp */ = {isa = PBXFileReference; fileEncoding = 4; lastKnownFileType = sourcecode.cpp.cpp; path = ClusteredPointCloud.cpp; sourceTree = SOURCE_ROOT; };
		8627DCB8133D0380001F193C /* GeometryInfo.cpp */ = {isa = PBXFileReference; fileEncoding = 4; lastKnownFileType = sourcecode.cpp.cpp; path = GeometryInfo.cpp; sourceTree = SOURCE_ROOT; };
		8627DCB9133D0380001F193C /* geometrymath.cpp */ = {isa = PBXFileReference; fileEncoding = 4; lastKnownFileType = sourcecode.cpp.cpp; path = geometrymath.cpp; sourceTree = SOURCE_ROOT; };
		8627DCBA133D0380001F193C /* hardwarelock.cpp */ = {isa = PBXFileReference; fileEncoding = 4; lastKnownFileType = sourcecode.cpp.cpp; path = hardwarelock.cpp; sourceTree = SOURCE_ROOT; };
		8627DCBB133D0380001F193C /* InflListerBase.cpp */ = {isa = PBXFileReference; fileEncoding = 4; lastKnownFileType = sourcecode.cpp.cpp; path = InflListerBase.cpp; sourceTree = SOURCE_ROOT; };
		8627DCBC133D0380001F193C /* InflListerByProximity.cpp */ = {isa = PBXFileReference; fileEncoding = 4; lastKnownFileType = sourcecode.cpp.cpp; path = InflListerByProximity.cpp; sourceTree = SOURCE_ROOT; };
		8627DCBD133D0380001F193C /* InflListerByWeights.cpp */ = {isa = PBXFileReference; fileEncoding = 4; lastKnownFileType = sourcecode.cpp.cpp; path = InflListerByWeights.cpp; sourceTree = SOURCE_ROOT; };
		8627DCBE133D0380001F193C /* LimitWeights.cpp */ = {isa = PBXFileReference; fileEncoding = 4; lastKnownFileType = sourcecode.cpp.cpp; path = LimitWeights.cpp; sourceTree = SOURCE_ROOT; };
		8627DCBF133D0380001F193C /* LimitWeightsUtil.cpp */ = {isa = PBXFileReference; fileEncoding = 4; lastKnownFileType = sourcecode.cpp.cpp; path = LimitWeightsUtil.cpp; sourceTree = SOURCE_ROOT; };
		8627DCC0133D0380001F193C /* MakeRigidWeights.cpp */ = {isa = PBXFileReference; fileEncoding = 4; lastKnownFileType = sourcecode.cpp.cpp; path = MakeRigidWeights.cpp; sourceTree = SOURCE_ROOT; };
		8627DCC1133D0380001F193C /* md5.cpp */ = {isa = PBXFileReference; fileEncoding = 4; lastKnownFileType = sourcecode.cpp.cpp; path = md5.cpp; sourceTree = SOURCE_ROOT; };
		8627DCC2133D0380001F193C /* ngAssignWeightsCmd.cpp */ = {isa = PBXFileReference; fileEncoding = 4; lastKnownFileType = sourcecode.cpp.cpp; path = ngAssignWeightsCmd.cpp; sourceTree = SOURCE_ROOT; };
		8627DCC3133D0380001F193C /* ngLayerColorDisplayNode.cpp */ = {isa = PBXFileReference; fileEncoding = 4; lastKnownFileType = sourcecode.cpp.cpp; path = ngLayerColorDisplayNode.cpp; sourceTree = SOURCE_ROOT; };
		8627DCC4133D0380001F193C /* ngListInfluencesCmd.cpp */ = {isa = PBXFileReference; fileEncoding = 4; lastKnownFileType = sourcecode.cpp.cpp; path = ngListInfluencesCmd.cpp; sourceTree = SOURCE_ROOT; };
		8627DCC5133D0380001F193C /* ngSkinLayerCmd.cpp */ = {isa = PBXFileReference; fileEncoding = 4; lastKnownFileType = sourcecode.cpp.cpp; path = ngSkinLayerCmd.cpp; sourceTree = SOURCE_ROOT; };
		8627DCC6133D0380001F193C /* ngSkinLayerDataNode.cpp */ = {isa = PBXFileReference; fileEncoding = 4; lastKnownFileType = sourcecode.cpp.cpp; path = ngSkinLayerDataNode.cpp; sourceTree = SOURCE_ROOT; };
		8627DCC7133D0380001F193C /* ngSkinRelaxCmd.cpp */ = {isa = PBXFileReference; fileEncoding = 4; lastKnownFileType = sourcecode.cpp.cpp; path = ngSkinRelaxCmd.cpp; sourceTree = SOURCE_ROOT; };
		8627DCC8133D0380001F193C /* ngTestCmd.cpp */ = {isa = PBXFileReference; fileEncoding = 4; lastKnownFileType = sourcecode.cpp.cpp; path = ngTestCmd.cpp; sourceTree = SOURCE_ROOT; };
		8627DCC9133D0380001F193C /* pluginMain.cpp */ = {isa = PBXFileReference; fileEncoding = 4; lastKnownFileType = sourcecode.cpp.cpp; path = pluginMain.cpp; sourceTree = SOURCE_ROOT; };
		8627DCCA133D0380001F193C /* ProgressWindow.cpp */ = {isa = PBXFileReference; fileEncoding = 4; lastKnownFileType = sourcecode.cpp.cpp; path = ProgressWindow.cpp; sourceTree = SOURCE_ROOT; };
		8627DCCB133D0380001F193C /* RelaxEngine.cpp */ = {isa = PBXFileReference; fileEncoding = 4; lastKnownFileType = sourcecode.cpp.cpp; path = RelaxEngine.cpp; sourceTree = SOURCE_ROOT; };
		8627DCCC133D0380001F193C /* SkinLayer.cpp */ = {isa = PBXFileReference; fileEncoding = 4; lastKnownFileType = sourcecode.cpp.cpp; path = SkinLayer.cpp; sourceTree = SOURCE_ROOT; };
		8627DCCD133D0380001F193C /* SkinLayerChanges.cpp */ = {isa = PBXFileReference; fileEncoding = 4; lastKnownFileType = sourcecode.cpp.cpp; path = SkinLayerChanges.cpp; sourceTree = SOURCE_ROOT; };
		8627DCCE133D0380001F193C /* SkinLayerData.cpp */ = {isa = PBXFileReference; fileEncoding = 4; lastKnownFileType = sourcecode.cpp.cpp; path = SkinLayerData.cpp; sourceTree = SOURCE_ROOT; };
		8627DCCF133D0380001F193C /* SkinLayerManager.cpp */ = {isa = PBXFileReference; fileEncoding = 4; lastKnownFileType = sourcecode.cpp.cpp; path = SkinLayerManager.cpp; sourceTree = SOURCE_ROOT; };
		8627DCD0133D0380001F193C /* SkinLayerPaintContextCmds.cpp */ = {isa = PBXFileReference; fileEncoding = 4; lastKnownFileType = sourcecode.cpp.cpp; path = SkinLayerPaintContextCmds.cpp; sourceTree = SOURCE_ROOT; };
		8627DCD1133D0380001F193C /* SkinLayerPerformanceTrack.cpp */ = {isa = PBXFileReference; fileEncoding = 4; lastKnownFileType = sourcecode.cpp.cpp; path = SkinLayerPerformanceTrack.cpp; sourceTree = SOURCE_ROOT; };
		8627DCD2133D0380001F193C /* SkinLayerWeightList.cpp */ = {isa = PBXFileReference; fileEncoding = 4; lastKnownFileType = sourcecode.cpp.cpp; path = SkinLayerWeightList.cpp; sourceTree = SOURCE_ROOT; };
		8627DCD3133D0380001F193C /* StatusException.cpp */ = {isa = PBXFileReference; fileEncoding = 4; lastKnownFileType = sourcecode.cpp.cpp; path = StatusException.cpp; sourceTree = SOURCE_ROOT; };
		8627DCD4133D0380001F193C /* utils.cpp */ = {isa = PBXFileReference; fileEncoding = 4; lastKnownFileType = sourcecode.cpp.cpp; path = utils.cpp; sourceTree = SOURCE_ROOT; };
		8627DCD5133D0380001F193C /* VertexRelaxData.cpp */ = {isa = PBXFileReference; fileEncoding = 4; lastKnownFileType = sourcecode.cpp.cpp; path = VertexRelaxData.cpp; sourceTree = SOURCE_ROOT; };
		8627DCD6133D0380001F193C /* WeightedVertex.cpp */ = {isa = PBXFileReference; fileEncoding = 4; lastKnownFileType = sourcecode.cpp.cpp; path = WeightedVertex.cpp; sourceTree = SOURCE_ROOT; };
		8627DCD7133D0380001F193C /* WeightsByClosestJoint.cpp */ = {isa = PBXFileReference; fileEncoding = 4; lastKnownFileType = sourcecode.cpp.cpp; path = WeightsByClosestJoint.cpp; sourceTree = SOURCE_ROOT; };
		8627DCD8133D0380001F193C /* WeightsByClosestJointDelaunay.cpp */ = {isa = PBXFileReference; fileEncoding = 4; lastKnownFileType = sourcecode.cpp.cpp; path = WeightsByClosestJointDelaunay.cpp; sourceTree = SOURCE_ROOT; };
		8627DCD9133D0380001F193C /* WeightsModifierEngine.cpp */ = {isa = PBXFileReference; fileEncoding = 4; lastKnownFileType = sourcecode.cpp.cpp; path = WeightsModifierEngine.cpp; sourceTree = SOURCE_ROOT; };
		8627DCDA133D0380001F193C /* WeightTransferAssociation.cpp */ = {isa = PBXFileReference; fileEncoding = 4; lastKnownFileType = sourcecode.cpp.cpp; path = WeightTransferAssociation.cpp; sourceTree = SOURCE_ROOT; };
		8627DD01133D03A6001F193C /* AssignWeightsEngineBase.h */ = {isa = PBXFileReference; fileEncoding = 4; lastKnownFileType = sourcecode.c.h; path = AssignWeightsEngineBase.h; sourceTree = SOURCE_ROOT; };
		8627DD02133D03A6001F193C /* ClosestInfluenceFinder.h */ = {isa = PBXFileReference; fileEncoding = 4; lastKnownFileType = sourcecode.c.h; path = ClosestInfluenceFinder.h; sourceTree = SOURCE_ROOT; };
		8627DD03133D03A6001F193C /* ClusteredPointCloud.h */ = {isa = PBXFileReference; fileEncoding = 4; lastKnownFileType = sourcecode.c.h; path = ClusteredPointCloud.h; sourceTree = SOURCE_ROOT; };
		8627DD04133D03A7001F193C /* defines.h */ = {isa = PBXFileReference; fileEncoding = 4; lastKnownFileType = sourcecode.c.h; path = defines.h; sourceTree = SOURCE_ROOT; };
		8627DD05133D03A7001F193C /* GeometryInfo.h */ = {isa = PBXFileReference; fileEncoding = 4; lastKnownFileType = sourcecode.c.h; path = GeometryInfo.h; sourceTree = SOURCE_ROOT; };
		8627DD06133D03A7001F193C /* geometrymath.h */ = {isa = PBXFileReference; fileEncoding = 4; lastKnownFileType = sourcecode.c.h; path = geometrymath.h; sourceTree = SOURCE_ROOT; };
		8627DD07133D03A7001F193C /* hardwarelock.h */ = {isa = PBXFileReference; fileEncoding = 4; lastKnownFileType = sourcecode.c.h; path = hardwarelock.h; sourceTree = SOURCE_ROOT; };
		8627DD08133D03A7001F193C /* InflListerBase.h */ = {isa = PBXFileReference; fileEncoding = 4; lastKnownFileType = sourcecode.c.h; path = InflListerBase.h; sourceTree = SOURCE_ROOT; };
		8627DD09133D03A7001F193C /* InflListerByProximity.h */ = {isa = PBXFileReference; fileEncoding = 4; lastKnownFileType = sourcecode.c.h; path = InflListerByProximity.h; sourceTree = SOURCE_ROOT; };
		8627DD0A133D03A7001F193C /* InflListerByWeights.h */ = {isa = PBXFileReference; fileEncoding = 4; lastKnownFileType = sourcecode.c.h; path = InflListerByWeights.h; sourceTree = SOURCE_ROOT; };
		8627DD0B133D03A7001F193C /* IPointCloud.h */ = {isa = PBXFileReference; fileEncoding = 4; lastKnownFileType = sourcecode.c.h; path = IPointCloud.h; sourceTree = SOURCE_ROOT; };
		8627DD0C133D03A7001F193C /* LimitWeights.h */ = {isa = PBXFileReference; fileEncoding = 4; lastKnownFileType = sourcecode.c.h; path = LimitWeights.h; sourceTree = SOURCE_ROOT; };
		8627DD0D133D03A7001F193C /* LimitWeightsUtil.h */ = {isa = PBXFileReference; fileEncoding = 4; lastKnownFileType = sourcecode.c.h; path = LimitWeightsUtil.h; sourceTree = SOURCE_ROOT; };
		8627DD0E133D03A7001F193C /* MakeRigidWeights.h */ = {isa = PBXFileReference; fileEncoding = 4; lastKnownFileType = sourcecode.c.h; path = MakeRigidWeights.h; sourceTree = SOURCE_ROOT; };
		8627DD0F133D03A7001F193C /* maya.h */ = {isa = PBXFileReference; fileEncoding = 4; lastKnownFileType = sourcecode.c.h; path = maya.h; sourceTree = SOURCE_ROOT; };
		8627DD10133D03A7001F193C /* md5.h */ = {isa = PBXFileReference; fileEncoding = 4; lastKnownFileType = sourcecode.c.h; path = md5.h; sourceTree = SOURCE_ROOT; };
		8627DD11133D03A7001F193C /* ngAssignWeightsCmd.h */ = {isa = PBXFileReference; fileEncoding = 4; lastKnownFileType = sourcecode.c.h; path = ngAssignWeightsCmd.h; sourceTree = SOURCE_ROOT; };
		8627DD12133D03A7001F193C /* ngLayerColorDisplayNode.h */ = {isa = PBXFileReference; fileEncoding = 4; lastKnownFileType = sourcecode.c.h; path = ngLayerColorDisplayNode.h; sourceTree = SOURCE_ROOT; };
		8627DD13133D03A7001F193C /* ngListInfluencesCmd.h */ = {isa = PBXFileReference; fileEncoding = 4; lastKnownFileType = sourcecode.c.h; path = ngListInfluencesCmd.h; sourceTree = SOURCE_ROOT; };
		8627DD14133D03A7001F193C /* ngSkinLayerCmd.h */ = {isa = PBXFileReference; fileEncoding = 4; lastKnownFileType = sourcecode.c.h; path = ngSkinLayerCmd.h; sourceTree = SOURCE_ROOT; };
		8627DD15133D03A7001F193C /* ngSkinLayerDataNode.h */ = {isa = PBXFileReference; fileEncoding = 4; lastKnownFileType = sourcecode.c.h; path = ngSkinLayerDataNode.h; sourceTree = SOURCE_ROOT; };
		8627DD16133D03A7001F193C /* ngSkinRelaxCmd.h */ = {isa = PBXFileReference; fileEncoding = 4; lastKnownFileType = sourcecode.c.h; path = ngSkinRelaxCmd.h; sourceTree = SOURCE_ROOT; };
		8627DD17133D03A7001F193C /* ngTestCmd.h */ = {isa = PBXFileReference; fileEncoding = 4; lastKnownFileType = sourcecode.c.h; path = ngTestCmd.h; sourceTree = SOURCE_ROOT; };
		8627DD18133D03A7001F193C /* pluginVersion.h */ = {isa = PBXFileReference; fileEncoding = 4; lastKnownFileType = sourcecode.c.h; path = pluginVersion.h; sourceTree = SOURCE_ROOT; };
		8627DD19133D03A7001F193C /* predicates.cxx */ = {isa = PBXFileReference; fileEncoding = 4; lastKnownFileType = sourcecode.cpp.cpp; name = predicates.cxx; path = tetgen/predicates.cxx; sourceTree = SOURCE_ROOT; };
		8627DD1A133D03A7001F193C /* ProgressWindow.h */ = {isa = PBXFileReference; fileEncoding = 4; lastKnownFileType = sourcecode.c.h; path = ProgressWindow.h; sourceTree = SOURCE_ROOT; };
		8627DD1B133D03A7001F193C /* RelaxEngine.h */ = {isa = PBXFileReference; fileEncoding = 4; lastKnownFileType = sourcecode.c.h; path = RelaxEngine.h; sourceTree = SOURCE_ROOT; };
		8627DD1C133D03A7001F193C /* SkinLayer.h */ = {isa = PBXFileReference; fileEncoding = 4; lastKnownFileType = sourcecode.c.h; path = SkinLayer.h; sourceTree = SOURCE_ROOT; };
		8627DD1D133D03A7001F193C /* SkinLayerChanges.h */ = {isa = PBXFileReference; fileEncoding = 4; lastKnownFileType = sourcecode.c.h; path = SkinLayerChanges.h; sourceTree = SOURCE_ROOT; };
		8627DD1E133D03A7001F193C /* SkinLayerData.h */ = {isa = PBXFileReference; fileEncoding = 4; lastKnownFileType = sourcecode.c.h; path = SkinLayerData.h; sourceTree = SOURCE_ROOT; };
		8627DD1F133D03A7001F193C /* SkinLayerManager.h */ = {isa = PBXFileReference; fileEncoding = 4; lastKnownFileType = sourcecode.c.h; path = SkinLayerManager.h; sourceTree = SOURCE_ROOT; };
		8627DD20133D03A7001F193C /* SkinLayerPaintContextCmds.h */ = {isa = PBXFileReference; fileEncoding = 4; lastKnownFileType = sourcecode.c.h; path = SkinLayerPaintContextCmds.h; sourceTree = SOURCE_ROOT; };
		8627DD21133D03A7001F193C /* SkinLayerPerformanceTrack.h */ = {isa = PBXFileReference; fileEncoding = 4; lastKnownFileType = sourcecode.c.h; path = SkinLayerPerformanceTrack.h; sourceTree = SOURCE_ROOT; };
		8627DD22133D03A7001F193C /* SkinLayerWeightList.h */ = {isa = PBXFileReference; fileEncoding = 4; lastKnownFileType = sourcecode.c.h; path = SkinLayerWeightList.h; sourceTree = SOURCE_ROOT; };
		8627DD23133D03A7001F193C /* StatusException.h */ = {isa = PBXFileReference; fileEncoding = 4; lastKnownFileType = sourcecode.c.h; path = StatusException.h; sourceTree = SOURCE_ROOT; };
		8627DD24133D03A7001F193C /* tetgen.cxx */ = {isa = PBXFileReference; fileEncoding = 4; lastKnownFileType = sourcecode.cpp.cpp; name = tetgen.cxx; path = tetgen/tetgen.cxx; sourceTree = SOURCE_ROOT; };
		8627DD25133D03A7001F193C /* tetgen.h */ = {isa = PBXFileReference; fileEncoding = 4; lastKnownFileType = sourcecode.c.h; name = tetgen.h; path = tetgen/tetgen.h; sourceTree = SOURCE_ROOT; };
		8627DD26133D03A7001F193C /* timer.h */ = {isa = PBXFileReference; fileEncoding = 4; lastKnownFileType = sourcecode.c.h; path = timer.h; sourceTree = SOURCE_ROOT; };
		8627DD27133D03A7001F193C /* utils.h */ = {isa = PBXFileReference; fileEncoding = 4; lastKnownFileType = sourcecode.c.h; path = utils.h; sourceTree = SOURCE_ROOT; };
		8627DD28133D03A7001F193C /* VertexRelaxData.h */ = {isa = PBXFileReference; fileEncoding = 4; lastKnownFileType = sourcecode.c.h; path = VertexRelaxData.h; sourceTree = SOURCE_ROOT; };
		8627DD29133D03A7001F193C /* VertIndexIterators.h */ = {isa = PBXFileReference; fileEncoding = 4; lastKnownFileType = sourcecode.c.h; path = VertIndexIterators.h; sourceTree = SOURCE_ROOT; };
		8627DD2A133D03A7001F193C /* WeightedVertex.h */ = {isa = PBXFileReference; fileEncoding = 4; lastKnownFileType = sourcecode.c.h; path = WeightedVertex.h; sourceTree = SOURCE_ROOT; };
		8627DD2B133D03A7001F193C /* WeightsByClosestJoint.h */ = {isa = PBXFileReference; fileEncoding = 4; lastKnownFileType = sourcecode.c.h; path = WeightsByClosestJoint.h; sourceTree = SOURCE_ROOT; };
		8627DD2C133D03A7001F193C /* WeightsByClosestJointDelaunay.h */ = {isa = PBXFileReference; fileEncoding = 4; lastKnownFileType = sourcecode.c.h; path = WeightsByClosestJointDelaunay.h; sourceTree = SOURCE_ROOT; };
		8627DD2D133D03A7001F193C /* WeightsModifierEngine.h */ = {isa = PBXFileReference; fileEncoding = 4; lastKnownFileType = sourcecode.c.h; path = WeightsModifierEngine.h; sourceTree = SOURCE_ROOT; };
		8627DD2E133D03A7001F193C /* WeightTransferAssociation.h */ = {isa = PBXFileReference; fileEncoding = 4; lastKnownFileType = sourcecode.c.h; path = WeightTransferAssociation.h; sourceTree = SOURCE_ROOT; };
		867FE932133DF2A500001585 /* Untitled-Info.plist */ = {isa = PBXFileReference; lastKnownFileType = text.plist.xml; path = "Untitled-Info.plist"; sourceTree = "<group>"; };
		867FE942133DF3D700001585 /* ngSkinTools.bundle */ = {isa = PBXFileReference; explicitFileType = "compiled.mach-o.dylib"; includeInIndex = 0; path = ngSkinTools.bundle; sourceTree = BUILT_PRODUCTS_DIR; };
/* End PBXFileReference section */

/* Begin PBXFrameworksBuildPhase section */
		867FE940133DF3D700001585 /* Frameworks */ = {
			isa = PBXFrameworksBuildPhase;
			buildActionMask = 2147483647;
			files = (
			);
			runOnlyForDeploymentPostprocessing = 0;
		};
/* End PBXFrameworksBuildPhase section */

/* Begin PBXGroup section */
		8627DACE133CFBD3001F193C = {
			isa = PBXGroup;
			children = (
				8627DD01133D03A6001F193C /* AssignWeightsEngineBase.h */,
				8627DD02133D03A6001F193C /* ClosestInfluenceFinder.h */,
				8627DD03133D03A6001F193C /* ClusteredPointCloud.h */,
				8627DD04133D03A7001F193C /* defines.h */,
				8627DD05133D03A7001F193C /* GeometryInfo.h */,
				8627DD06133D03A7001F193C /* geometrymath.h */,
				8627DD07133D03A7001F193C /* hardwarelock.h */,
				8627DD08133D03A7001F193C /* InflListerBase.h */,
				8627DD09133D03A7001F193C /* InflListerByProximity.h */,
				8627DD0A133D03A7001F193C /* InflListerByWeights.h */,
				8627DD0B133D03A7001F193C /* IPointCloud.h */,
				8627DD0C133D03A7001F193C /* LimitWeights.h */,
				8627DD0D133D03A7001F193C /* LimitWeightsUtil.h */,
				8627DD0E133D03A7001F193C /* MakeRigidWeights.h */,
				8627DD0F133D03A7001F193C /* maya.h */,
				8627DD10133D03A7001F193C /* md5.h */,
				8627DD11133D03A7001F193C /* ngAssignWeightsCmd.h */,
				8627DD12133D03A7001F193C /* ngLayerColorDisplayNode.h */,
				8627DD13133D03A7001F193C /* ngListInfluencesCmd.h */,
				8627DD14133D03A7001F193C /* ngSkinLayerCmd.h */,
				8627DD15133D03A7001F193C /* ngSkinLayerDataNode.h */,
				8627DD16133D03A7001F193C /* ngSkinRelaxCmd.h */,
				8627DD17133D03A7001F193C /* ngTestCmd.h */,
				8627DD18133D03A7001F193C /* pluginVersion.h */,
				8627DD19133D03A7001F193C /* predicates.cxx */,
				8627DD1A133D03A7001F193C /* ProgressWindow.h */,
				8627DD1B133D03A7001F193C /* RelaxEngine.h */,
				8627DD1C133D03A7001F193C /* SkinLayer.h */,
				8627DD1D133D03A7001F193C /* SkinLayerChanges.h */,
				8627DD1E133D03A7001F193C /* SkinLayerData.h */,
				8627DD1F133D03A7001F193C /* SkinLayerManager.h */,
				8627DD20133D03A7001F193C /* SkinLayerPaintContextCmds.h */,
				8627DD21133D03A7001F193C /* SkinLayerPerformanceTrack.h */,
				8627DD22133D03A7001F193C /* SkinLayerWeightList.h */,
				8627DD23133D03A7001F193C /* StatusException.h */,
				8627DD24133D03A7001F193C /* tetgen.cxx */,
				8627DD25133D03A7001F193C /* tetgen.h */,
				8627DD26133D03A7001F193C /* timer.h */,
				8627DD27133D03A7001F193C /* utils.h */,
				8627DD28133D03A7001F193C /* VertexRelaxData.h */,
				8627DD29133D03A7001F193C /* VertIndexIterators.h */,
				8627DD2A133D03A7001F193C /* WeightedVertex.h */,
				8627DD2B133D03A7001F193C /* WeightsByClosestJoint.h */,
				8627DD2C133D03A7001F193C /* WeightsByClosestJointDelaunay.h */,
				8627DD2D133D03A7001F193C /* WeightsModifierEngine.h */,
				8627DD2E133D03A7001F193C /* WeightTransferAssociation.h */,
				8627DCB5133D0380001F193C /* AssignWeightsEngineBase.cpp */,
				8627DCB6133D0380001F193C /* ClosestInfluenceFinder.cpp */,
				8627DCB7133D0380001F193C /* ClusteredPointCloud.cpp */,
				8627DCB8133D0380001F193C /* GeometryInfo.cpp */,
				8627DCB9133D0380001F193C /* geometrymath.cpp */,
				8627DCBA133D0380001F193C /* hardwarelock.cpp */,
				8627DCBB133D0380001F193C /* InflListerBase.cpp */,
				8627DCBC133D0380001F193C /* InflListerByProximity.cpp */,
				8627DCBD133D0380001F193C /* InflListerByWeights.cpp */,
				8627DCBE133D0380001F193C /* LimitWeights.cpp */,
				8627DCBF133D0380001F193C /* LimitWeightsUtil.cpp */,
				8627DCC0133D0380001F193C /* MakeRigidWeights.cpp */,
				8627DCC1133D0380001F193C /* md5.cpp */,
				8627DCC2133D0380001F193C /* ngAssignWeightsCmd.cpp */,
				8627DCC3133D0380001F193C /* ngLayerColorDisplayNode.cpp */,
				8627DCC4133D0380001F193C /* ngListInfluencesCmd.cpp */,
				8627DCC5133D0380001F193C /* ngSkinLayerCmd.cpp */,
				8627DCC6133D0380001F193C /* ngSkinLayerDataNode.cpp */,
				8627DCC7133D0380001F193C /* ngSkinRelaxCmd.cpp */,
				8627DCC8133D0380001F193C /* ngTestCmd.cpp */,
				8627DCC9133D0380001F193C /* pluginMain.cpp */,
				8627DCCA133D0380001F193C /* ProgressWindow.cpp */,
				8627DCCB133D0380001F193C /* RelaxEngine.cpp */,
				8627DCCC133D0380001F193C /* SkinLayer.cpp */,
				8627DCCD133D0380001F193C /* SkinLayerChanges.cpp */,
				8627DCCE133D0380001F193C /* SkinLayerData.cpp */,
				8627DCCF133D0380001F193C /* SkinLayerManager.cpp */,
				8627DCD0133D0380001F193C /* SkinLayerPaintContextCmds.cpp */,
				8627DCD1133D0380001F193C /* SkinLayerPerformanceTrack.cpp */,
				8627DCD2133D0380001F193C /* SkinLayerWeightList.cpp */,
				8627DCD3133D0380001F193C /* StatusException.cpp */,
				8627DCD4133D0380001F193C /* utils.cpp */,
				8627DCD5133D0380001F193C /* VertexRelaxData.cpp */,
				8627DCD6133D0380001F193C /* WeightedVertex.cpp */,
				8627DCD7133D0380001F193C /* WeightsByClosestJoint.cpp */,
				8627DCD8133D0380001F193C /* WeightsByClosestJointDelaunay.cpp */,
				8627DCD9133D0380001F193C /* WeightsModifierEngine.cpp */,
				8627DCDA133D0380001F193C /* WeightTransferAssociation.cpp */,
				867FE932133DF2A500001585 /* Untitled-Info.plist */,
				867FE942133DF3D700001585 /* ngSkinTools.bundle */,
			);
			sourceTree = "<group>";
		};
/* End PBXGroup section */

/* Begin PBXHeadersBuildPhase section */
		867FE93E133DF3D700001585 /* Headers */ = {
			isa = PBXHeadersBuildPhase;
			buildActionMask = 2147483647;
			files = (
				867FE94C133DF59E00001585 /* AssignWeightsEngineBase.h in Headers */,
				867FE94D133DF59E00001585 /* ClosestInfluenceFinder.h in Headers */,
				867FE94E133DF59E00001585 /* ClusteredPointCloud.h in Headers */,
				867FE94F133DF59E00001585 /* defines.h in Headers */,
				867FE950133DF59E00001585 /* GeometryInfo.h in Headers */,
				867FE951133DF59E00001585 /* geometrymath.h in Headers */,
				867FE952133DF59E00001585 /* hardwarelock.h in Headers */,
				867FE953133DF59E00001585 /* InflListerBase.h in Headers */,
				867FE954133DF59E00001585 /* InflListerByProximity.h in Headers */,
				867FE955133DF59E00001585 /* InflListerByWeights.h in Headers */,
				867FE956133DF59E00001585 /* IPointCloud.h in Headers */,
				867FE957133DF59E00001585 /* LimitWeights.h in Headers */,
				867FE958133DF59E00001585 /* LimitWeightsUtil.h in Headers */,
				867FE959133DF59E00001585 /* MakeRigidWeights.h in Headers */,
				867FE95A133DF59E00001585 /* maya.h in Headers */,
				867FE95B133DF59E00001585 /* md5.h in Headers */,
				867FE95C133DF59E00001585 /* ngAssignWeightsCmd.h in Headers */,
				867FE95D133DF59E00001585 /* ngLayerColorDisplayNode.h in Headers */,
				867FE95E133DF59E00001585 /* ngListInfluencesCmd.h in Headers */,
				867FE95F133DF59E00001585 /* ngSkinLayerCmd.h in Headers */,
				867FE960133DF59E00001585 /* ngSkinLayerDataNode.h in Headers */,
				867FE961133DF59E00001585 /* ngSkinRelaxCmd.h in Headers */,
				867FE962133DF59E00001585 /* ngTestCmd.h in Headers */,
				867FE963133DF59E00001585 /* pluginVersion.h in Headers */,
				867FE964133DF59E00001585 /* predicates.cxx in Headers */,
				867FE965133DF59E00001585 /* ProgressWindow.h in Headers */,
				867FE966133DF59E00001585 /* RelaxEngine.h in Headers */,
				867FE967133DF59E00001585 /* SkinLayer.h in Headers */,
				867FE968133DF59E00001585 /* SkinLayerChanges.h in Headers */,
				867FE969133DF59E00001585 /* SkinLayerData.h in Headers */,
				867FE96A133DF59E00001585 /* SkinLayerManager.h in Headers */,
				867FE96B133DF59E00001585 /* SkinLayerPaintContextCmds.h in Headers */,
				867FE96C133DF59E00001585 /* SkinLayerPerformanceTrack.h in Headers */,
				867FE96D133DF59E00001585 /* SkinLayerWeightList.h in Headers */,
				867FE96E133DF59E00001585 /* StatusException.h in Headers */,
				867FE96F133DF59E00001585 /* tetgen.cxx in Headers */,
				867FE970133DF59E00001585 /* tetgen.h in Headers */,
				867FE971133DF59E00001585 /* timer.h in Headers */,
				867FE972133DF59E00001585 /* utils.h in Headers */,
				867FE973133DF59E00001585 /* VertexRelaxData.h in Headers */,
				867FE974133DF59E00001585 /* VertIndexIterators.h in Headers */,
				867FE975133DF59E00001585 /* WeightedVertex.h in Headers */,
				867FE976133DF59E00001585 /* WeightsByClosestJoint.h in Headers */,
				867FE977133DF59E00001585 /* WeightsByClosestJointDelaunay.h in Headers */,
				867FE978133DF59E00001585 /* WeightsModifierEngine.h in Headers */,
				867FE979133DF59E00001585 /* WeightTransferAssociation.h in Headers */,
			);
			runOnlyForDeploymentPostprocessing = 0;
		};
/* End PBXHeadersBuildPhase section */

/* Begin PBXNativeTarget section */
		867FE941133DF3D700001585 /* ngSkinTools */ = {
			isa = PBXNativeTarget;
			buildConfigurationList = 867FE943133DF40000001585 /* Build configuration list for PBXNativeTarget "ngSkinTools" */;
			buildPhases = (
				867FE93E133DF3D700001585 /* Headers */,
				867FE93F133DF3D700001585 /* Sources */,
				867FE940133DF3D700001585 /* Frameworks */,
			);
			buildRules = (
			);
			dependencies = (
			);
			name = ngSkinTools;
			productName = Untitled2;
			productReference = 867FE942133DF3D700001585 /* ngSkinTools.bundle */;
			productType = "com.apple.product-type.library.dynamic";
		};
/* End PBXNativeTarget section */

/* Begin PBXProject section */
		8627DAD0133CFBD3001F193C /* Project object */ = {
			isa = PBXProject;
			buildConfigurationList = 8627DAD1133CFBD3001F193C /* Build configuration list for PBXProject "ngSkinTools" */;
			compatibilityVersion = "Xcode 2.4";
			hasScannedForEncodings = 0;
			mainGroup = 8627DACE133CFBD3001F193C;
			productRefGroup = 8627DACE133CFBD3001F193C;
			projectDirPath = "";
			projectRoot = "";
			targets = (
				867FE941133DF3D700001585 /* ngSkinTools */,
			);
		};
/* End PBXProject section */

/* Begin PBXSourcesBuildPhase section */
		867FE93F133DF3D700001585 /* Sources */ = {
			isa = PBXSourcesBuildPhase;
			buildActionMask = 2147483647;
			files = (
				863CA649133FB199005B4559 /* predicates.cxx in Sources */,
				863CA644133FB0FB005B4559 /* tetgen.cxx in Sources */,
				867FE97A133DF59E00001585 /* AssignWeightsEngineBase.cpp in Sources */,
				867FE97B133DF59E00001585 /* ClosestInfluenceFinder.cpp in Sources */,
				867FE97C133DF59E00001585 /* ClusteredPointCloud.cpp in Sources */,
				867FE97D133DF59E00001585 /* GeometryInfo.cpp in Sources */,
				867FE97E133DF59E00001585 /* geometrymath.cpp in Sources */,
				867FE97F133DF59E00001585 /* hardwarelock.cpp in Sources */,
				867FE980133DF59E00001585 /* InflListerBase.cpp in Sources */,
				867FE981133DF59E00001585 /* InflListerByProximity.cpp in Sources */,
				867FE982133DF59E00001585 /* InflListerByWeights.cpp in Sources */,
				867FE983133DF59E00001585 /* LimitWeights.cpp in Sources */,
				867FE984133DF59E00001585 /* LimitWeightsUtil.cpp in Sources */,
				867FE985133DF59E00001585 /* MakeRigidWeights.cpp in Sources */,
				867FE986133DF59E00001585 /* md5.cpp in Sources */,
				867FE987133DF59E00001585 /* ngAssignWeightsCmd.cpp in Sources */,
				867FE988133DF59E00001585 /* ngLayerColorDisplayNode.cpp in Sources */,
				867FE989133DF59E00001585 /* ngListInfluencesCmd.cpp in Sources */,
				867FE98A133DF59E00001585 /* ngSkinLayerCmd.cpp in Sources */,
				867FE98B133DF59E00001585 /* ngSkinLayerDataNode.cpp in Sources */,
				867FE98C133DF59E00001585 /* ngSkinRelaxCmd.cpp in Sources */,
				867FE98D133DF59E00001585 /* ngTestCmd.cpp in Sources */,
				867FE98E133DF59E00001585 /* pluginMain.cpp in Sources */,
				867FE98F133DF59E00001585 /* ProgressWindow.cpp in Sources */,
				867FE990133DF59E00001585 /* RelaxEngine.cpp in Sources */,
				867FE991133DF59E00001585 /* SkinLayer.cpp in Sources */,
				867FE992133DF59E00001585 /* SkinLayerChanges.cpp in Sources */,
				867FE993133DF59E00001585 /* SkinLayerData.cpp in Sources */,
				867FE994133DF59E00001585 /* SkinLayerManager.cpp in Sources */,
				867FE995133DF59E00001585 /* SkinLayerPaintContextCmds.cpp in Sources */,
				867FE996133DF59E00001585 /* SkinLayerPerformanceTrack.cpp in Sources */,
				867FE997133DF59E00001585 /* SkinLayerWeightList.cpp in Sources */,
				867FE998133DF59E00001585 /* StatusException.cpp in Sources */,
				867FE999133DF59E00001585 /* utils.cpp in Sources */,
				867FE946133DF58B00001585 /* VertexRelaxData.cpp in Sources */,
				867FE947133DF58B00001585 /* WeightedVertex.cpp in Sources */,
				867FE948133DF58B00001585 /* WeightsByClosestJoint.cpp in Sources */,
				867FE949133DF58B00001585 /* WeightsByClosestJointDelaunay.cpp in Sources */,
				867FE94A133DF58B00001585 /* WeightsModifierEngine.cpp in Sources */,
				867FE94B133DF58B00001585 /* WeightTransferAssociation.cpp in Sources */,
			);
			runOnlyForDeploymentPostprocessing = 0;
		};
/* End PBXSourcesBuildPhase section */

/* Begin XCBuildConfiguration section */
		8627DAD2133CFBD3001F193C /* Debug */ = {
			isa = XCBuildConfiguration;
			buildSettings = {
				GCC_PRECOMPILE_PREFIX_HEADER = YES;
				GCC_PREFIX_HEADER = "$(MAYA_DIRECTORY)/devkit/include/maya/OpenMayaMac.h";
				GCC_PREPROCESSOR_DEFINITIONS = (
					REQUIRE_IOSTREAM,
					_BOOL,
					MAC_PLUGIN,
					"$(inherited)",
				);
				HEADER_SEARCH_PATHS = (
					"$(inherited)",
					"$(MAYA_DIRECTORY)/devkit/include/",
				);
				LIBRARY_SEARCH_PATHS = (
					"$(inherited)",
					"$(MAYA_DIRECTORY)/Maya.app/Contents/MacOS",
					"$(inherited)",
				);
				LIBRARY_STYLE = BUNDLE;
				MAYA_DIRECTORY = /Applications/Autodesk/maya2010;
				OTHER_LDFLAGS = (
					"-lOpenMayaUI",
					"-lOpenMayaAnim",
					"-lOpenMaya",
					"-lFoundation",
					"-Wl,-executable_path,$(MAYA_DIRECTORY)/Maya.app/Contents/MacOS",
					"-framework",
					AGL,
					"-framework",
					OpenGL,
				);
				SDKROOT = /Developer/SDKs/MacOSX10.4u.sdk;
				STANDARD_C_PLUS_PLUS_LIBRARY_TYPE = static;
			};
			name = Debug;
		};
		8627DAD3133CFBD3001F193C /* Release */ = {
			isa = XCBuildConfiguration;
			buildSettings = {
				GCC_PRECOMPILE_PREFIX_HEADER = YES;
				GCC_PREFIX_HEADER = "$(MAYA_DIRECTORY)/devkit/include/maya/OpenMayaMac.h";
				GCC_PREPROCESSOR_DEFINITIONS = (
					REQUIRE_IOSTREAM,
					_BOOL,
					MAC_PLUGIN,
					"$(inherited)",
				);
				HEADER_SEARCH_PATHS = (
					"$(inherited)",
					"$(MAYA_DIRECTORY)/devkit/include/",
				);
				LIBRARY_SEARCH_PATHS = (
					"$(inherited)",
					"$(MAYA_DIRECTORY)/Maya.app/Contents/MacOS",
					"$(inherited)",
				);
				LIBRARY_STYLE = BUNDLE;
				MAYA_DIRECTORY = /Applications/Autodesk/maya2010;
				OTHER_LDFLAGS = (
					"-lOpenMayaUI",
					"-lOpenMayaAnim",
					"-lOpenMaya",
					"-lFoundation",
					"-Wl,-executable_path,$(MAYA_DIRECTORY)/Maya.app/Contents/MacOS",
					"-framework",
					AGL,
					"-framework",
					OpenGL,
				);
				SDKROOT = /Developer/SDKs/MacOSX10.4u.sdk;
				STANDARD_C_PLUS_PLUS_LIBRARY_TYPE = static;
			};
			name = Release;
		};
		867FE944133DF40000001585 /* Debug */ = {
			isa = XCBuildConfiguration;
			buildSettings = {
				COPY_PHASE_STRIP = NO;
				DYLIB_COMPATIBILITY_VERSION = "";
				DYLIB_CURRENT_VERSION = "";
				EXECUTABLE_EXTENSION = bundle;
				GCC_DYNAMIC_NO_PIC = NO;
				GCC_ENABLE_FIX_AND_CONTINUE = NO;
				GCC_GENERATE_DEBUGGING_SYMBOLS = NO;
				GCC_INPUT_FILETYPE = sourcecode.cpp.cpp;
				GCC_MODEL_TUNING = G5;
				GCC_OPTIMIZATION_LEVEL = 3;
				GCC_WARN_ABOUT_RETURN_TYPE = YES;
				GCC_WARN_UNUSED_VARIABLE = YES;
				GENERATE_MASTER_OBJECT_FILE = YES;
				INSTALL_PATH = /usr/local/lib;
				LIBRARY_STYLE = BUNDLE;
				MACH_O_TYPE = mh_bundle;
				PREBINDING = NO;
				PRODUCT_NAME = ngSkinTools;
				ZERO_LINK = YES;
			};
			name = Debug;
		};
		867FE945133DF40000001585 /* Release */ = {
			isa = XCBuildConfiguration;
			buildSettings = {
				COPY_PHASE_STRIP = YES;
				DYLIB_COMPATIBILITY_VERSION = "";
				DYLIB_CURRENT_VERSION = "";
				EXECUTABLE_EXTENSION = bundle;
				EXECUTABLE_PREFIX = "";
				GCC_ENABLE_FIX_AND_CONTINUE = NO;
				GCC_GENERATE_DEBUGGING_SYMBOLS = NO;
				GCC_INPUT_FILETYPE = sourcecode.cpp.cpp;
				GCC_MODEL_TUNING = G5;
				GCC_OPTIMIZATION_LEVEL = 3;
				INSTALL_PATH = /usr/local/lib;
				MACH_O_TYPE = mh_bundle;
				PREBINDING = NO;
				PRODUCT_NAME = ngSkinTools;
				ZERO_LINK = NO;
			};
			name = Release;
		};
/* End XCBuildConfiguration section */

/* Begin XCConfigurationList section */
		8627DAD1133CFBD3001F193C /* Build configuration list for PBXProject "ngSkinTools" */ = {
			isa = XCConfigurationList;
			buildConfigurations = (
				8627DAD2133CFBD3001F193C /* Debug */,
				8627DAD3133CFBD3001F193C /* Release */,
			);
			defaultConfigurationIsVisible = 0;
			defaultConfigurationName = Release;
		};
		867FE943133DF40000001585 /* Build configuration list for PBXNativeTarget "ngSkinTools" */ = {
			isa = XCConfigurationList;
			buildConfigurations = (
				867FE944133DF40000001585 /* Debug */,
				867FE945133DF40000001585 /* Release */,
			);
			defaultConfigurationIsVisible = 0;
			defaultConfigurationName = Release;
		};
/* End XCConfigurationList section */
	};
	rootObject = 8627DAD0133CFBD3001F193C /* Project object */;
}
